
Microsoft Visual Studio Solution File, Format Version 12.00
# Visual Studio Version 17
VisualStudioVersion = 17.8.34511.84
MinimumVisualStudioVersion = 10.0.40219.1
Project("{FAE04EC0-301F-11D3-BF4B-00C04F79EFBC}") = "ex7", "ex7\ex7.csproj", "{05B0D611-3688-43E0-A11D-E5E936BB22AD}"
EndProject
Global
	GlobalSection(SolutionConfigurationPlatforms) = preSolution
		Debug|Any CPU = Debug|Any CPU
		Release|Any CPU = Release|Any CPU
	EndGlobalSection
	GlobalSection(ProjectConfigurationPlatforms) = postSolution
		{05B0D611-3688-43E0-A11D-E5E936BB22AD}.Debug|Any CPU.ActiveCfg = Debug|Any CPU
		{05B0D611-3688-43E0-A11D-E5E936BB22AD}.Debug|Any CPU.Build.0 = Debug|Any CPU
		{05B0D611-3688-43E0-A11D-E5E936BB22AD}.Release|Any CPU.ActiveCfg = Release|Any CPU
		{05B0D611-3688-43E0-A11D-E5E936BB22AD}.Release|Any CPU.Build.0 = Release|Any CPU
	EndGlobalSection
	GlobalSection(SolutionProperties) = preSolution
		HideSolutionNode = FALSE
	EndGlobalSection
	GlobalSection(ExtensibilityGlobals) = postSolution
		SolutionGuid = {2BDB1F8F-87AB-4F02-8383-BA6FB342B4CF}
	EndGlobalSection
EndGlobal
